
Microsoft Visual Studio Solution File, Format Version 12.00
# Visual Studio Version 17
VisualStudioVersion = 17.11.35303.130
MinimumVisualStudioVersion = 10.0.40219.1
Project("{FAE04EC0-301F-11D3-BF4B-00C04F79EFBC}") = "Send", "Send\Send.csproj", "{1C5CD203-9156-403C-BFA5-6771240030FE}"
EndProject
Project("{FAE04EC0-301F-11D3-BF4B-00C04F79EFBC}") = "Receive", "Receive\Receive.csproj", "{2DD1B745-FB76-4F72-84BD-52AE88218592}"
EndProject
Project("{FAE04EC0-301F-11D3-BF4B-00C04F79EFBC}") = "NewTask", "NewTask\NewTask.csproj", "{5D7C52B4-A6FF-4F97-8518-E7A7134560ED}"
EndProject
Project("{FAE04EC0-301F-11D3-BF4B-00C04F79EFBC}") = "Worker", "Worker\Worker.csproj", "{6DB6100E-2224-49EF-A8A6-1C6C2F6B7D1B}"
EndProject
Global
	GlobalSection(SolutionConfigurationPlatforms) = preSolution
		Debug|Any CPU = Debug|Any CPU
		Release|Any CPU = Release|Any CPU
	EndGlobalSection
	GlobalSection(ProjectConfigurationPlatforms) = postSolution
		{1C5CD203-9156-403C-BFA5-6771240030FE}.Debug|Any CPU.ActiveCfg = Debug|Any CPU
		{1C5CD203-9156-403C-BFA5-6771240030FE}.Debug|Any CPU.Build.0 = Debug|Any CPU
		{1C5CD203-9156-403C-BFA5-6771240030FE}.Release|Any CPU.ActiveCfg = Release|Any CPU
		{1C5CD203-9156-403C-BFA5-6771240030FE}.Release|Any CPU.Build.0 = Release|Any CPU
		{2DD1B745-FB76-4F72-84BD-52AE88218592}.Debug|Any CPU.ActiveCfg = Debug|Any CPU
		{2DD1B745-FB76-4F72-84BD-52AE88218592}.Debug|Any CPU.Build.0 = Debug|Any CPU
		{2DD1B745-FB76-4F72-84BD-52AE88218592}.Release|Any CPU.ActiveCfg = Release|Any CPU
		{2DD1B745-FB76-4F72-84BD-52AE88218592}.Release|Any CPU.Build.0 = Release|Any CPU
		{5D7C52B4-A6FF-4F97-8518-E7A7134560ED}.Debug|Any CPU.ActiveCfg = Debug|Any CPU
		{5D7C52B4-A6FF-4F97-8518-E7A7134560ED}.Debug|Any CPU.Build.0 = Debug|Any CPU
		{5D7C52B4-A6FF-4F97-8518-E7A7134560ED}.Release|Any CPU.ActiveCfg = Release|Any CPU
		{5D7C52B4-A6FF-4F97-8518-E7A7134560ED}.Release|Any CPU.Build.0 = Release|Any CPU
		{6DB6100E-2224-49EF-A8A6-1C6C2F6B7D1B}.Debug|Any CPU.ActiveCfg = Debug|Any CPU
		{6DB6100E-2224-49EF-A8A6-1C6C2F6B7D1B}.Debug|Any CPU.Build.0 = Debug|Any CPU
		{6DB6100E-2224-49EF-A8A6-1C6C2F6B7D1B}.Release|Any CPU.ActiveCfg = Release|Any CPU
		{6DB6100E-2224-49EF-A8A6-1C6C2F6B7D1B}.Release|Any CPU.Build.0 = Release|Any CPU
	EndGlobalSection
	GlobalSection(SolutionProperties) = preSolution
		HideSolutionNode = FALSE
	EndGlobalSection
	GlobalSection(ExtensibilityGlobals) = postSolution
		SolutionGuid = {5397C74A-551F-45E3-932D-3583F3800F24}
	EndGlobalSection
EndGlobal
